{
    "name": "app",
    "lockfileVersion": 3,
    "requires": true,
    "packages": {
        "": {
            "dependencies": {
                "browsers": "^1.0.2",
                "chrome": "^0.1.0",
                "install": "^0.13.0"
            },
            "devDependencies": {
                "axios": "^1.1.2",
                "laravel-vite-plugin": "^0.7.2",
                "vite": "^4.0.0"
            }
        },
        "node_modules/@esbuild/android-arm": {
            "version": "0.18.20",
            "resolved": "https://registry.npmjs.org/@esbuild/android-arm/-/android-arm-0.18.20.tgz",
            "integrity": "sha512-fyi7TDI/ijKKNZTUJAQqiG5T7YjJXgnzkURqmGj13C6dCqckZBLdl4h7bkhHt/t0WP+zO9/zwroDvANaOqO5Sw==",
            "cpu": [
                "arm"
            ],
            "dev": true,
            "optional": true,
            "os": [
                "android"
            ],
            "engines": {
                "node": ">=12"
            }
        },
        "node_modules/@esbuild/android-arm64": {
            "version": "0.18.20",
            "resolved": "https://registry.npmjs.org/@esbuild/android-arm64/-/android-arm64-0.18.20.tgz",
            "integrity": "sha512-Nz4rJcchGDtENV0eMKUNa6L12zz2zBDXuhj/Vjh18zGqB44Bi7MBMSXjgunJgjRhCmKOjnPuZp4Mb6OKqtMHLQ==",
            "cpu": [
                "arm64"
            ],
            "dev": true,
            "optional": true,
            "os": [
                "android"
            ],
            "engines": {
                "node": ">=12"
            }
        },
        "node_modules/@esbuild/android-x64": {
            "version": "0.18.20",
            "resolved": "https://registry.npmjs.org/@esbuild/android-x64/-/android-x64-0.18.20.tgz",
            "integrity": "sha512-8GDdlePJA8D6zlZYJV/jnrRAi6rOiNaCC/JclcXpB+KIuvfBN4owLtgzY2bsxnx666XjJx2kDPUmnTtR8qKQUg==",
            "cpu": [
                "x64"
            ],
            "dev": true,
            "optional": true,
            "os": [
                "android"
            ],
            "engines": {
                "node": ">=12"
            }
        },
        "node_modules/@esbuild/darwin-arm64": {
            "version": "0.18.20",
            "resolved": "https://registry.npmjs.org/@esbuild/darwin-arm64/-/darwin-arm64-0.18.20.tgz",
            "integrity": "sha512-bxRHW5kHU38zS2lPTPOyuyTm+S+eobPUnTNkdJEfAddYgEcll4xkT8DB9d2008DtTbl7uJag2HuE5NZAZgnNEA==",
            "cpu": [
                "arm64"
            ],
            "dev": true,
            "optional": true,
            "os": [
                "darwin"
            ],
            "engines": {
                "node": ">=12"
            }
        },
        "node_modules/@esbuild/darwin-x64": {
            "version": "0.18.20",
            "resolved": "https://registry.npmjs.org/@esbuild/darwin-x64/-/darwin-x64-0.18.20.tgz",
            "integrity": "sha512-pc5gxlMDxzm513qPGbCbDukOdsGtKhfxD1zJKXjCCcU7ju50O7MeAZ8c4krSJcOIJGFR+qx21yMMVYwiQvyTyQ==",
            "cpu": [
                "x64"
            ],
            "dev": true,
            "optional": true,
            "os": [
                "darwin"
            ],
            "engines": {
                "node": ">=12"
            }
        },
        "node_modules/@esbuild/freebsd-arm64": {
            "version": "0.18.20",
            "resolved": "https://registry.npmjs.org/@esbuild/freebsd-arm64/-/freebsd-arm64-0.18.20.tgz",
            "integrity": "sha512-yqDQHy4QHevpMAaxhhIwYPMv1NECwOvIpGCZkECn8w2WFHXjEwrBn3CeNIYsibZ/iZEUemj++M26W3cNR5h+Tw==",
            "cpu": [
                "arm64"
            ],
            "dev": true,
            "optional": true,
            "os": [
                "freebsd"
            ],
            "engines": {
                "node": ">=12"
            }
        },
        "node_modules/@esbuild/freebsd-x64": {
            "version": "0.18.20",
            "resolved": "https://registry.npmjs.org/@esbuild/freebsd-x64/-/freebsd-x64-0.18.20.tgz",
            "integrity": "sha512-tgWRPPuQsd3RmBZwarGVHZQvtzfEBOreNuxEMKFcd5DaDn2PbBxfwLcj4+aenoh7ctXcbXmOQIn8HI6mCSw5MQ==",
            "cpu": [
                "x64"
            ],
            "dev": true,
            "optional": true,
            "os": [
                "freebsd"
            ],
            "engines": {
                "node": ">=12"
            }
        },
        "node_modules/@esbuild/linux-arm": {
            "version": "0.18.20",
            "resolved": "https://registry.npmjs.org/@esbuild/linux-arm/-/linux-arm-0.18.20.tgz",
            "integrity": "sha512-/5bHkMWnq1EgKr1V+Ybz3s1hWXok7mDFUMQ4cG10AfW3wL02PSZi5kFpYKrptDsgb2WAJIvRcDm+qIvXf/apvg==",
            "cpu": [
                "arm"
            ],
            "dev": true,
            "optional": true,
            "os": [
                "linux"
            ],
            "engines": {
                "node": ">=12"
            }
        },
        "node_modules/@esbuild/linux-arm64": {
            "version": "0.18.20",
            "resolved": "https://registry.npmjs.org/@esbuild/linux-arm64/-/linux-arm64-0.18.20.tgz",
            "integrity": "sha512-2YbscF+UL7SQAVIpnWvYwM+3LskyDmPhe31pE7/aoTMFKKzIc9lLbyGUpmmb8a8AixOL61sQ/mFh3jEjHYFvdA==",
            "cpu": [
                "arm64"
            ],
            "dev": true,
            "optional": true,
            "os": [
                "linux"
            ],
            "engines": {
                "node": ">=12"
            }
        },
        "node_modules/@esbuild/linux-ia32": {
            "version": "0.18.20",
            "resolved": "https://registry.npmjs.org/@esbuild/linux-ia32/-/linux-ia32-0.18.20.tgz",
            "integrity": "sha512-P4etWwq6IsReT0E1KHU40bOnzMHoH73aXp96Fs8TIT6z9Hu8G6+0SHSw9i2isWrD2nbx2qo5yUqACgdfVGx7TA==",
            "cpu": [
                "ia32"
            ],
            "dev": true,
            "optional": true,
            "os": [
                "linux"
            ],
            "engines": {
                "node": ">=12"
            }
        },
        "node_modules/@esbuild/linux-loong64": {
            "version": "0.18.20",
            "resolved": "https://registry.npmjs.org/@esbuild/linux-loong64/-/linux-loong64-0.18.20.tgz",
            "integrity": "sha512-nXW8nqBTrOpDLPgPY9uV+/1DjxoQ7DoB2N8eocyq8I9XuqJ7BiAMDMf9n1xZM9TgW0J8zrquIb/A7s3BJv7rjg==",
            "cpu": [
                "loong64"
            ],
            "dev": true,
            "optional": true,
            "os": [
                "linux"
            ],
            "engines": {
                "node": ">=12"
            }
        },
        "node_modules/@esbuild/linux-mips64el": {
            "version": "0.18.20",
            "resolved": "https://registry.npmjs.org/@esbuild/linux-mips64el/-/linux-mips64el-0.18.20.tgz",
            "integrity": "sha512-d5NeaXZcHp8PzYy5VnXV3VSd2D328Zb+9dEq5HE6bw6+N86JVPExrA6O68OPwobntbNJ0pzCpUFZTo3w0GyetQ==",
            "cpu": [
                "mips64el"
            ],
            "dev": true,
            "optional": true,
            "os": [
                "linux"
            ],
            "engines": {
                "node": ">=12"
            }
        },
        "node_modules/@esbuild/linux-ppc64": {
            "version": "0.18.20",
            "resolved": "https://registry.npmjs.org/@esbuild/linux-ppc64/-/linux-ppc64-0.18.20.tgz",
            "integrity": "sha512-WHPyeScRNcmANnLQkq6AfyXRFr5D6N2sKgkFo2FqguP44Nw2eyDlbTdZwd9GYk98DZG9QItIiTlFLHJHjxP3FA==",
            "cpu": [
                "ppc64"
            ],
            "dev": true,
            "optional": true,
            "os": [
                "linux"
            ],
            "engines": {
                "node": ">=12"
            }
        },
        "node_modules/@esbuild/linux-riscv64": {
            "version": "0.18.20",
            "resolved": "https://registry.npmjs.org/@esbuild/linux-riscv64/-/linux-riscv64-0.18.20.tgz",
            "integrity": "sha512-WSxo6h5ecI5XH34KC7w5veNnKkju3zBRLEQNY7mv5mtBmrP/MjNBCAlsM2u5hDBlS3NGcTQpoBvRzqBcRtpq1A==",
            "cpu": [
                "riscv64"
            ],
            "dev": true,
            "optional": true,
            "os": [
                "linux"
            ],
            "engines": {
                "node": ">=12"
            }
        },
        "node_modules/@esbuild/linux-s390x": {
            "version": "0.18.20",
            "resolved": "https://registry.npmjs.org/@esbuild/linux-s390x/-/linux-s390x-0.18.20.tgz",
            "integrity": "sha512-+8231GMs3mAEth6Ja1iK0a1sQ3ohfcpzpRLH8uuc5/KVDFneH6jtAJLFGafpzpMRO6DzJ6AvXKze9LfFMrIHVQ==",
            "cpu": [
                "s390x"
            ],
            "dev": true,
            "optional": true,
            "os": [
                "linux"
            ],
            "engines": {
                "node": ">=12"
            }
        },
        "node_modules/@esbuild/linux-x64": {
            "version": "0.18.20",
            "resolved": "https://registry.npmjs.org/@esbuild/linux-x64/-/linux-x64-0.18.20.tgz",
            "integrity": "sha512-UYqiqemphJcNsFEskc73jQ7B9jgwjWrSayxawS6UVFZGWrAAtkzjxSqnoclCXxWtfwLdzU+vTpcNYhpn43uP1w==",
            "cpu": [
                "x64"
            ],
            "dev": true,
            "optional": true,
            "os": [
                "linux"
            ],
            "engines": {
                "node": ">=12"
            }
        },
        "node_modules/@esbuild/netbsd-x64": {
            "version": "0.18.20",
            "resolved": "https://registry.npmjs.org/@esbuild/netbsd-x64/-/netbsd-x64-0.18.20.tgz",
            "integrity": "sha512-iO1c++VP6xUBUmltHZoMtCUdPlnPGdBom6IrO4gyKPFFVBKioIImVooR5I83nTew5UOYrk3gIJhbZh8X44y06A==",
            "cpu": [
                "x64"
            ],
            "dev": true,
            "optional": true,
            "os": [
                "netbsd"
            ],
            "engines": {
                "node": ">=12"
            }
        },
        "node_modules/@esbuild/openbsd-x64": {
            "version": "0.18.20",
            "resolved": "https://registry.npmjs.org/@esbuild/openbsd-x64/-/openbsd-x64-0.18.20.tgz",
            "integrity": "sha512-e5e4YSsuQfX4cxcygw/UCPIEP6wbIL+se3sxPdCiMbFLBWu0eiZOJ7WoD+ptCLrmjZBK1Wk7I6D/I3NglUGOxg==",
            "cpu": [
                "x64"
            ],
            "dev": true,
            "optional": true,
            "os": [
                "openbsd"
            ],
            "engines": {
                "node": ">=12"
            }
        },
        "node_modules/@esbuild/sunos-x64": {
            "version": "0.18.20",
            "resolved": "https://registry.npmjs.org/@esbuild/sunos-x64/-/sunos-x64-0.18.20.tgz",
            "integrity": "sha512-kDbFRFp0YpTQVVrqUd5FTYmWo45zGaXe0X8E1G/LKFC0v8x0vWrhOWSLITcCn63lmZIxfOMXtCfti/RxN/0wnQ==",
            "cpu": [
                "x64"
            ],
            "dev": true,
            "optional": true,
            "os": [
                "sunos"
            ],
            "engines": {
                "node": ">=12"
            }
        },
        "node_modules/@esbuild/win32-arm64": {
            "version": "0.18.20",
            "resolved": "https://registry.npmjs.org/@esbuild/win32-arm64/-/win32-arm64-0.18.20.tgz",
            "integrity": "sha512-ddYFR6ItYgoaq4v4JmQQaAI5s7npztfV4Ag6NrhiaW0RrnOXqBkgwZLofVTlq1daVTQNhtI5oieTvkRPfZrePg==",
            "cpu": [
                "arm64"
            ],
            "dev": true,
            "optional": true,
            "os": [
                "win32"
            ],
            "engines": {
                "node": ">=12"
            }
        },
        "node_modules/@esbuild/win32-ia32": {
            "version": "0.18.20",
            "resolved": "https://registry.npmjs.org/@esbuild/win32-ia32/-/win32-ia32-0.18.20.tgz",
            "integrity": "sha512-Wv7QBi3ID/rROT08SABTS7eV4hX26sVduqDOTe1MvGMjNd3EjOz4b7zeexIR62GTIEKrfJXKL9LFxTYgkyeu7g==",
            "cpu": [
                "ia32"
            ],
            "dev": true,
            "optional": true,
            "os": [
                "win32"
            ],
            "engines": {
                "node": ">=12"
            }
        },
        "node_modules/@esbuild/win32-x64": {
            "version": "0.18.20",
            "resolved": "https://registry.npmjs.org/@esbuild/win32-x64/-/win32-x64-0.18.20.tgz",
            "integrity": "sha512-kTdfRcSiDfQca/y9QIkng02avJ+NCaQvrMejlsB3RRv5sE9rRoeBPISaZpKxHELzRxZyLvNts1P27W3wV+8geQ==",
            "cpu": [
                "x64"
            ],
            "dev": true,
            "optional": true,
            "os": [
                "win32"
            ],
            "engines": {
                "node": ">=12"
            }
        },
        "node_modules/@types/node": {
            "version": "20.11.24",
            "resolved": "https://registry.npmjs.org/@types/node/-/node-20.11.24.tgz",
            "integrity": "sha512-Kza43ewS3xoLgCEpQrsT+xRo/EJej1y0kVYGiLFE1NEODXGzTfwiC6tXTLMQskn1X4/Rjlh0MQUvx9W+L9long==",
            "dev": true,
            "optional": true,
            "peer": true,
            "dependencies": {
                "undici-types": "~5.26.4"
            }
        },
        "node_modules/active-x-obfuscator": {
            "version": "0.0.1",
            "resolved": "https://registry.npmjs.org/active-x-obfuscator/-/active-x-obfuscator-0.0.1.tgz",
            "integrity": "sha512-8gdEZinfLSCfAUulETDth4ZSIDPSchiPgm5PLrXQC6BANf1YFEDrPPM2MdK2zcekMROwtM667QFuYw/H6ZV06Q==",
            "dependencies": {
                "zeparser": "0.0.5"
            },
            "engines": {
                "node": "*"
            }
        },
        "node_modules/asynckit": {
            "version": "0.4.0",
            "resolved": "https://registry.npmjs.org/asynckit/-/asynckit-0.4.0.tgz",
            "integrity": "sha512-Oei9OH4tRh0YqU3GxhX79dM/mwVgvbZJaSNaRk+bshkj0S5cfHcgYakreBjrHwatXKbz+IoIdYLxrKim2MjW0Q==",
            "dev": true
        },
        "node_modules/axios": {
            "version": "1.6.7",
            "resolved": "https://registry.npmjs.org/axios/-/axios-1.6.7.tgz",
            "integrity": "sha512-/hDJGff6/c7u0hDkvkGxR/oy6CbCs8ziCsC7SqmhjfozqiJGc8Z11wrv9z9lYfY4K8l+H9TpjcMDX0xOZmx+RA==",
            "dev": true,
            "dependencies": {
                "follow-redirects": "^1.15.4",
                "form-data": "^4.0.0",
                "proxy-from-env": "^1.1.0"
            }
        },
        "node_modules/bluebird": {
            "version": "3.7.2",
            "resolved": "https://registry.npmjs.org/bluebird/-/bluebird-3.7.2.tgz",
            "integrity": "sha512-XpNj6GDQzdfW+r2Wnn7xiSAd7TM3jzkxGXBGTtWKuSXv1xUV+azxAm8jdWZN06QTQk+2N2XB9jRDkvbmQmcRtg=="
        },
        "node_modules/browsers": {
            "version": "1.0.2",
            "resolved": "https://registry.npmjs.org/browsers/-/browsers-1.0.2.tgz",
            "integrity": "sha512-zjZ53kLdMfUQgi21SS/xfFHHpG3drJgjyOulcvPj8FT36HhzId2uo8z2V77Rjsq1GVLLnXJe303ZX/XgzxoTWA==",
            "dependencies": {
                "colorful": "2.1.0",
                "commander": "1.2.0",
                "plist": "0.4.3",
                "shelljs": "0.2.6",
                "socket.io-client": "0.9.16",
                "tracer": "0.6.1",
                "utilx": "0.0.5"
            },
            "bin": {
                "browsers": "bin/browsers"
            }
        },
        "node_modules/chrome": {
            "version": "0.1.0",
            "resolved": "https://registry.npmjs.org/chrome/-/chrome-0.1.0.tgz",
            "integrity": "sha512-6KYl20U4Taj6YipylsWr2etUvp9AElJKfGNSBmyGTymYmancnOb041ZNadolEZi2nboLXH7jMSqUmm4kpuTzfg==",
            "dependencies": {
                "exeq": "^2.2.0",
                "plist": "^1.1.0"
            },
            "bin": {
                "chrome": "index.js"
            }
        },
        "node_modules/chrome/node_modules/base64-js": {
            "version": "0.0.8",
            "resolved": "https://registry.npmjs.org/base64-js/-/base64-js-0.0.8.tgz",
            "integrity": "sha512-3XSA2cR/h/73EzlXXdU6YNycmYI7+kicTxks4eJg2g39biHR84slg2+des+p7iHYhbRg/udIS4TD53WabcOUkw==",
            "engines": {
                "node": ">= 0.4"
            }
        },
        "node_modules/chrome/node_modules/plist": {
            "version": "1.2.0",
            "resolved": "https://registry.npmjs.org/plist/-/plist-1.2.0.tgz",
            "integrity": "sha512-dL9Xc2Aj3YyBnwvCNuHmFl2LWvQacm/HEAsoVwLiuu0POboMChETt5wexpU1P6F6MnibIucXlVsMFFgNUT2IyA==",
            "dependencies": {
                "base64-js": "0.0.8",
                "util-deprecate": "1.0.2",
                "xmlbuilder": "4.0.0",
                "xmldom": "0.1.x"
            }
        },
        "node_modules/chrome/node_modules/xmlbuilder": {
            "version": "4.0.0",
            "resolved": "https://registry.npmjs.org/xmlbuilder/-/xmlbuilder-4.0.0.tgz",
            "integrity": "sha512-wrG9gc6hCFDd5STt+6fsjP2aGSkjkNSewH+1K6s0KVOd94vXAUyTwlxWVnMFVtLdMf+q0QRZN1z9hTOKgoEdMg==",
            "dependencies": {
                "lodash": "^3.5.0"
            },
            "engines": {
                "node": ">=0.8.0"
            }
        },
        "node_modules/colorful": {
            "version": "2.1.0",
            "resolved": "https://registry.npmjs.org/colorful/-/colorful-2.1.0.tgz",
            "integrity": "sha512-DpDLDvi/vPzqoPX7Dw44ZZf004DCdEcCx1pf5hq5aipVHXjwgRSYGCz3m17rA2XCduW91wJUapge8/3qLvjYcg=="
        },
        "node_modules/colors": {
            "version": "1.4.0",
            "resolved": "https://registry.npmjs.org/colors/-/colors-1.4.0.tgz",
            "integrity": "sha512-a+UqTh4kgZg/SlGvfbzDHpgRu7AAQOmmqRHJnxhRZICKFUT91brVhNNt58CMWU9PsBbv3PDCZUHbVxuDiH2mtA==",
            "engines": {
                "node": ">=0.1.90"
            }
        },
        "node_modules/combined-stream": {
            "version": "1.0.8",
            "resolved": "https://registry.npmjs.org/combined-stream/-/combined-stream-1.0.8.tgz",
            "integrity": "sha512-FQN4MRfuJeHf7cBbBMJFXhKSDq+2kAArBlmRBvcvFE5BB1HZKXtSFASDhdlz9zOYwxh8lDdnvmMOe/+5cdoEdg==",
            "dev": true,
            "dependencies": {
                "delayed-stream": "~1.0.0"
            },
            "engines": {
                "node": ">= 0.8"
            }
        },
        "node_modules/commander": {
            "version": "1.2.0",
            "resolved": "https://registry.npmjs.org/commander/-/commander-1.2.0.tgz",
            "integrity": "sha512-4AzfHvT/zLkvp+LVOHxZ02sHTuNrtoTnu8qEoJbpcL3nTnFhoNmAml1UV+96k9y5Tgz7jIjsom546WIi2iif0g==",
            "dependencies": {
                "keypress": "0.1.x"
            },
            "engines": {
                "node": ">= 0.6.x"
            }
        },
        "node_modules/dateformat": {
            "version": "1.0.2-1.2.3",
            "resolved": "https://registry.npmjs.org/dateformat/-/dateformat-1.0.2-1.2.3.tgz",
            "integrity": "sha512-AXvW8g7tO4ilk5HgOWeDmPi/ZPaCnMJ+9Cg1I3p19w6mcvAAXBuuGEXAxybC+Djj1PSZUiHUcyoYu7WneCX8gQ==",
            "engines": {
                "node": "*"
            }
        },
        "node_modules/delayed-stream": {
            "version": "1.0.0",
            "resolved": "https://registry.npmjs.org/delayed-stream/-/delayed-stream-1.0.0.tgz",
            "integrity": "sha512-ZySD7Nf91aLB0RxL4KGrKHBXl7Eds1DAmEdcoVawXnLD7SDhpNgtuII2aAkg7a7QS41jxPSZ17p4VdGnMHk3MQ==",
            "dev": true,
            "engines": {
                "node": ">=0.4.0"
            }
        },
        "node_modules/esbuild": {
            "version": "0.18.20",
            "resolved": "https://registry.npmjs.org/esbuild/-/esbuild-0.18.20.tgz",
            "integrity": "sha512-ceqxoedUrcayh7Y7ZX6NdbbDzGROiyVBgC4PriJThBKSVPWnnFHZAkfI1lJT8QFkOwH4qOS2SJkS4wvpGl8BpA==",
            "dev": true,
            "hasInstallScript": true,
            "bin": {
                "esbuild": "bin/esbuild"
            },
            "engines": {
                "node": ">=12"
            },
            "optionalDependencies": {
                "@esbuild/android-arm": "0.18.20",
                "@esbuild/android-arm64": "0.18.20",
                "@esbuild/android-x64": "0.18.20",
                "@esbuild/darwin-arm64": "0.18.20",
                "@esbuild/darwin-x64": "0.18.20",
                "@esbuild/freebsd-arm64": "0.18.20",
                "@esbuild/freebsd-x64": "0.18.20",
                "@esbuild/linux-arm": "0.18.20",
                "@esbuild/linux-arm64": "0.18.20",
                "@esbuild/linux-ia32": "0.18.20",
                "@esbuild/linux-loong64": "0.18.20",
                "@esbuild/linux-mips64el": "0.18.20",
                "@esbuild/linux-ppc64": "0.18.20",
                "@esbuild/linux-riscv64": "0.18.20",
                "@esbuild/linux-s390x": "0.18.20",
                "@esbuild/linux-x64": "0.18.20",
                "@esbuild/netbsd-x64": "0.18.20",
                "@esbuild/openbsd-x64": "0.18.20",
                "@esbuild/sunos-x64": "0.18.20",
                "@esbuild/win32-arm64": "0.18.20",
                "@esbuild/win32-ia32": "0.18.20",
                "@esbuild/win32-x64": "0.18.20"
            }
        },
        "node_modules/exeq": {
            "version": "2.4.0",
            "resolved": "https://registry.npmjs.org/exeq/-/exeq-2.4.0.tgz",
            "integrity": "sha512-B648qbDS00nQZv9UQGLT5RbZm/5dNBX10F8oWeXcgpFHSLm1249u95t/3sn2wXdQjLhlF+edAECdshFtSr1K0Q==",
            "dependencies": {
                "bluebird": "^3.0.3",
                "native-or-bluebird": "^1.2.0"
            },
            "engines": {
                "node": ">= 0.10.0"
            }
        },
        "node_modules/follow-redirects": {
            "version": "1.15.5",
            "resolved": "https://registry.npmjs.org/follow-redirects/-/follow-redirects-1.15.5.tgz",
            "integrity": "sha512-vSFWUON1B+yAw1VN4xMfxgn5fTUiaOzAJCKBwIIgT/+7CuGy9+r+5gITvP62j3RmaD5Ph65UaERdOSRGUzZtgw==",
            "dev": true,
            "funding": [
                {
                    "type": "individual",
                    "url": "https://github.com/sponsors/RubenVerborgh"
                }
            ],
            "engines": {
                "node": ">=4.0"
            },
            "peerDependenciesMeta": {
                "debug": {
                    "optional": true
                }
            }
        },
        "node_modules/form-data": {
            "version": "4.0.0",
            "resolved": "https://registry.npmjs.org/form-data/-/form-data-4.0.0.tgz",
            "integrity": "sha512-ETEklSGi5t0QMZuiXoA/Q6vcnxcLQP5vdugSpuAyi6SVGi2clPPp+xgEhuMaHC+zGgn31Kd235W35f7Hykkaww==",
            "dev": true,
            "dependencies": {
                "asynckit": "^0.4.0",
                "combined-stream": "^1.0.8",
                "mime-types": "^2.1.12"
            },
            "engines": {
                "node": ">= 6"
            }
        },
        "node_modules/fsevents": {
            "version": "2.3.3",
            "resolved": "https://registry.npmjs.org/fsevents/-/fsevents-2.3.3.tgz",
            "integrity": "sha512-5xoDfX+fL7faATnagmWPpbFtwh/R77WmMMqqHGS65C3vvB0YHrgF+B1YmZ3441tMj5n63k0212XNoJwzlhffQw==",
            "dev": true,
            "hasInstallScript": true,
            "optional": true,
            "os": [
                "darwin"
            ],
            "engines": {
                "node": "^8.16.0 || ^10.6.0 || >=11.0.0"
            }
        },
        "node_modules/iconv-lite": {
            "version": "0.2.11",
            "resolved": "https://registry.npmjs.org/iconv-lite/-/iconv-lite-0.2.11.tgz",
            "integrity": "sha512-KhmFWgaQZY83Cbhi+ADInoUQ8Etn6BG5fikM9syeOjQltvR45h7cRKJ/9uvQEuD61I3Uju77yYce0/LhKVClQw==",
            "engines": {
                "node": ">=0.4.0"
            }
        },
        "node_modules/install": {
            "version": "0.13.0",
            "resolved": "https://registry.npmjs.org/install/-/install-0.13.0.tgz",
            "integrity": "sha512-zDml/jzr2PKU9I8J/xyZBQn8rPCAY//UOYNmR01XwNwyfhEWObo2SWfSl1+0tm1u6PhxLwDnfsT/6jB7OUxqFA==",
            "engines": {
                "node": ">= 0.10"
            }
        },
        "node_modules/keypress": {
            "version": "0.1.0",
            "resolved": "https://registry.npmjs.org/keypress/-/keypress-0.1.0.tgz",
            "integrity": "sha512-x0yf9PL/nx9Nw9oLL8ZVErFAk85/lslwEP7Vz7s5SI1ODXZIgit3C5qyWjw4DxOuO/3Hb4866SQh28a1V1d+WA=="
        },
        "node_modules/laravel-vite-plugin": {
            "version": "0.7.8",
            "resolved": "https://registry.npmjs.org/laravel-vite-plugin/-/laravel-vite-plugin-0.7.8.tgz",
            "integrity": "sha512-HWYqpQYHR3kEQ1LsHX7gHJoNNf0bz5z5mDaHBLzS+PGLCTmYqlU5/SZyeEgObV7z7bC/cnStYcY9H1DI1D5Udg==",
            "dev": true,
            "dependencies": {
                "picocolors": "^1.0.0",
                "vite-plugin-full-reload": "^1.0.5"
            },
            "engines": {
                "node": ">=14"
            },
            "peerDependencies": {
                "vite": "^3.0.0 || ^4.0.0"
            }
        },
        "node_modules/lodash": {
            "version": "3.10.1",
            "resolved": "https://registry.npmjs.org/lodash/-/lodash-3.10.1.tgz",
            "integrity": "sha512-9mDDwqVIma6OZX79ZlDACZl8sBm0TEnkf99zV3iMA4GzkIT/9hiqP5mY0HoT1iNLCrKc/R1HByV+yJfRWVJryQ=="
        },
        "node_modules/mime-db": {
            "version": "1.52.0",
            "resolved": "https://registry.npmjs.org/mime-db/-/mime-db-1.52.0.tgz",
            "integrity": "sha512-sPU4uV7dYlvtWJxwwxHD0PuihVNiE7TyAbQ5SWxDCB9mUYvOgroQOwYQQOKPJ8CIbE+1ETVlOoK1UC2nU3gYvg==",
            "dev": true,
            "engines": {
                "node": ">= 0.6"
            }
        },
        "node_modules/mime-types": {
            "version": "2.1.35",
            "resolved": "https://registry.npmjs.org/mime-types/-/mime-types-2.1.35.tgz",
            "integrity": "sha512-ZDY+bPm5zTTF+YpCrAU9nK0UgICYPT0QtT1NZWFv4s++TNkcgVaT0g6+4R2uI4MjQjzysHB1zxuWL50hzaeXiw==",
            "dev": true,
            "dependencies": {
                "mime-db": "1.52.0"
            },
            "engines": {
                "node": ">= 0.6"
            }
        },
        "node_modules/nan": {
            "version": "1.0.0",
            "resolved": "https://registry.npmjs.org/nan/-/nan-1.0.0.tgz",
            "integrity": "sha512-Wm2/nFOm2y9HtJfgOLnctGbfvF23FcQZeyUZqDD8JQG3zO5kXh3MkQKiUaA68mJiVWrOzLFkAV1u6bC8P52DJA=="
        },
        "node_modules/nanoid": {
            "version": "3.3.7",
            "resolved": "https://registry.npmjs.org/nanoid/-/nanoid-3.3.7.tgz",
            "integrity": "sha512-eSRppjcPIatRIMC1U6UngP8XFcz8MQWGQdt1MTBQ7NaAmvXDfvNxbvWV3x2y6CdEUciCSsDHDQZbhYaB8QEo2g==",
            "dev": true,
            "funding": [
                {
                    "type": "github",
                    "url": "https://github.com/sponsors/ai"
                }
            ],
            "bin": {
                "nanoid": "bin/nanoid.cjs"
            },
            "engines": {
                "node": "^10 || ^12 || ^13.7 || ^14 || >=15.0.1"
            }
        },
        "node_modules/native-or-bluebird": {
            "version": "1.2.0",
            "resolved": "https://registry.npmjs.org/native-or-bluebird/-/native-or-bluebird-1.2.0.tgz",
            "integrity": "sha512-0SH8UubxDfe382eYiwmd12qxAbiWGzlGZv6CkMA+DPojWa/Y0oH4hE0lRtFfFgJmPQFyKXeB8XxPbZz6TvvKaQ==",
            "deprecated": "'native-or-bluebird' is deprecated. Please use 'any-promise' instead."
        },
        "node_modules/options": {
            "version": "0.0.6",
            "resolved": "https://registry.npmjs.org/options/-/options-0.0.6.tgz",
            "integrity": "sha512-bOj3L1ypm++N+n7CEbbe473A414AB7z+amKYshRb//iuL3MpdDCLhPnw6aVTdKB9g5ZRVHIEp8eUln6L2NUStg==",
            "engines": {
                "node": ">=0.4.0"
            }
        },
        "node_modules/picocolors": {
            "version": "1.0.0",
            "resolved": "https://registry.npmjs.org/picocolors/-/picocolors-1.0.0.tgz",
            "integrity": "sha512-1fygroTLlHu66zi26VoTDv8yRgm0Fccecssto+MhsZ0D/DGW2sm8E8AjW7NU5VVTRt5GxbeZ5qBuJr+HyLYkjQ==",
            "dev": true
        },
        "node_modules/picomatch": {
            "version": "2.3.1",
            "resolved": "https://registry.npmjs.org/picomatch/-/picomatch-2.3.1.tgz",
            "integrity": "sha512-JU3teHTNjmE2VCGFzuY8EXzCDVwEqB2a8fsIvwaStHhAWJEeVd1o1QD80CU6+ZdEXXSLbSsuLwJjkCBWqRQUVA==",
            "dev": true,
            "engines": {
                "node": ">=8.6"
            },
            "funding": {
                "url": "https://github.com/sponsors/jonschlinkert"
            }
        },
        "node_modules/plist": {
            "version": "0.4.3",
            "resolved": "https://registry.npmjs.org/plist/-/plist-0.4.3.tgz",
            "integrity": "sha512-QJ5hM0NgK5zqoHSZQLZxIgFhS1TMviJzBgWeGtfjMkt12kCPFvjAtvxdU2WrfIb7nSVXlAVTLpofjbqSCV2bZA==",
            "dependencies": {
                "xmlbuilder": "0.4.x",
                "xmldom": "0.1.x"
            },
            "engines": {
                "node": ">= 0.1.100"
            }
        },
        "node_modules/postcss": {
            "version": "8.4.35",
            "resolved": "https://registry.npmjs.org/postcss/-/postcss-8.4.35.tgz",
            "integrity": "sha512-u5U8qYpBCpN13BsiEB0CbR1Hhh4Gc0zLFuedrHJKMctHCHAGrMdG0PRM/KErzAL3CU6/eckEtmHNB3x6e3c0vA==",
            "dev": true,
            "funding": [
                {
                    "type": "opencollective",
                    "url": "https://opencollective.com/postcss/"
                },
                {
                    "type": "tidelift",
                    "url": "https://tidelift.com/funding/github/npm/postcss"
                },
                {
                    "type": "github",
                    "url": "https://github.com/sponsors/ai"
                }
            ],
            "dependencies": {
                "nanoid": "^3.3.7",
                "picocolors": "^1.0.0",
                "source-map-js": "^1.0.2"
            },
            "engines": {
                "node": "^10 || ^12 || >=14"
            }
        },
        "node_modules/proxy-from-env": {
            "version": "1.1.0",
            "resolved": "https://registry.npmjs.org/proxy-from-env/-/proxy-from-env-1.1.0.tgz",
            "integrity": "sha512-D+zkORCbA9f1tdWRK0RaCR3GPv50cMxcrz4X8k5LTSUD1Dkw47mKJEZQNunItRTkWwgtaUSo1RVFRIG9ZXiFYg==",
            "dev": true
        },
        "node_modules/rollup": {
            "version": "3.29.4",
            "resolved": "https://registry.npmjs.org/rollup/-/rollup-3.29.4.tgz",
            "integrity": "sha512-oWzmBZwvYrU0iJHtDmhsm662rC15FRXmcjCk1xD771dFDx5jJ02ufAQQTn0etB2emNk4J9EZg/yWKpsn9BWGRw==",
            "dev": true,
            "bin": {
                "rollup": "dist/bin/rollup"
            },
            "engines": {
                "node": ">=14.18.0",
                "npm": ">=8.0.0"
            },
            "optionalDependencies": {
                "fsevents": "~2.3.2"
            }
        },
        "node_modules/shelljs": {
            "version": "0.2.6",
            "resolved": "https://registry.npmjs.org/shelljs/-/shelljs-0.2.6.tgz",
            "integrity": "sha512-LQiM15qPbSyzHDFfI4v7EVhjBXG5PUAKWVBnVMBXwdlQSHZtzKYeKGzDHBIqpenPrCsPWqBSOF5o7oSvSfX+CA==",
            "bin": {
                "shjs": "bin/shjs"
            },
            "engines": {
                "node": ">=0.8.0"
            }
        },
        "node_modules/socket.io-client": {
            "version": "0.9.16",
            "resolved": "https://registry.npmjs.org/socket.io-client/-/socket.io-client-0.9.16.tgz",
            "integrity": "sha512-wSM7PKJkzpGqUAo6d6SAn+ph4xeQJ6nzyDULRJAX1G7e6Xm0wNuMh2RpNvwXrHMzoV9Or5hti7LINiQAm1H2yA==",
            "dependencies": {
                "active-x-obfuscator": "0.0.1",
                "uglify-js": "1.2.5",
                "ws": "0.4.x",
                "xmlhttprequest": "1.4.2"
            },
            "engines": {
                "node": ">= 0.4.0"
            }
        },
        "node_modules/socket.io-client/node_modules/commander": {
            "version": "2.1.0",
            "resolved": "https://registry.npmjs.org/commander/-/commander-2.1.0.tgz",
            "integrity": "sha512-J2wnb6TKniXNOtoHS8TSrG9IOQluPrsmyAJ8oCUJOBmv+uLBCyPYAZkD2jFvw2DCzIXNnISIM01NIvr35TkBMQ==",
            "engines": {
                "node": ">= 0.6.x"
            }
        },
        "node_modules/socket.io-client/node_modules/ws": {
            "version": "0.4.32",
            "resolved": "https://registry.npmjs.org/ws/-/ws-0.4.32.tgz",
            "integrity": "sha512-htqsS0U9Z9lb3ITjidQkRvkLdVhQePrMeu475yEfOWkAYvJ6dSjQp1tOH6ugaddzX5b7sQjMPNtY71eTzrV/kA==",
            "hasInstallScript": true,
            "dependencies": {
                "commander": "~2.1.0",
                "nan": "~1.0.0",
                "options": ">=0.0.5",
                "tinycolor": "0.x"
            },
            "bin": {
                "wscat": "bin/wscat"
            },
            "engines": {
                "node": ">=0.4.0"
            }
        },
        "node_modules/source-map-js": {
            "version": "1.0.2",
            "resolved": "https://registry.npmjs.org/source-map-js/-/source-map-js-1.0.2.tgz",
            "integrity": "sha512-R0XvVJ9WusLiqTCEiGCmICCMplcCkIwwR11mOSD9CR5u+IXYdiseeEuXCVAjS54zqwkLcPNnmU4OeJ6tUrWhDw==",
            "dev": true,
            "engines": {
                "node": ">=0.10.0"
            }
        },
        "node_modules/tinycolor": {
            "version": "0.0.1",
            "resolved": "https://registry.npmjs.org/tinycolor/-/tinycolor-0.0.1.tgz",
            "integrity": "sha512-+CorETse1kl98xg0WAzii8DTT4ABF4R3nquhrkIbVGcw1T8JYs5Gfx9xEfGINPUZGDj9C4BmOtuKeaTtuuRolg==",
            "engines": {
                "node": ">=0.4.0"
            }
        },
        "node_modules/tinytim": {
            "version": "0.1.1",
            "resolved": "https://registry.npmjs.org/tinytim/-/tinytim-0.1.1.tgz",
            "integrity": "sha512-NIpsp9lBIxPNzB++HnMmUd4byzJSVbbO4F+As1Gb1IG/YQT5QvmBDjpx8SpDS8fhGC+t+Qw8ldQgbcAIaU+2cA==",
            "engines": {
                "node": ">= 0.2.0"
            }
        },
        "node_modules/tracer": {
            "version": "0.6.1",
            "resolved": "https://registry.npmjs.org/tracer/-/tracer-0.6.1.tgz",
            "integrity": "sha512-TpgXRee0X633kxYiUYhbtl6TZNDAPuJN7HGXjUcjihYNj9JRwaEuJOiMFi2Wwuo+VH+bPO5plRAnsPhuYM/RLw==",
            "dependencies": {
                "colors": ">=0.6.0",
                "dateformat": "1.0.2-1.2.3",
                "tinytim": ">=0.1.0"
            },
            "engines": {
                "node": ">= 0.2.0"
            }
        },
        "node_modules/uglify-js": {
            "version": "1.2.5",
            "resolved": "https://registry.npmjs.org/uglify-js/-/uglify-js-1.2.5.tgz",
            "integrity": "sha512-Ps1oQryKOcRDYuAN1tGpPWd/DIRMcdLz4p7JMxLjJiFvp+aaG01IEu0ZSoVvYUSxIkvW7k2X50BCW2InguEGlg==",
            "bin": {
                "uglifyjs": "bin/uglifyjs"
            },
            "engines": {
                "node": "*"
            }
        },
        "node_modules/undici-types": {
            "version": "5.26.5",
            "resolved": "https://registry.npmjs.org/undici-types/-/undici-types-5.26.5.tgz",
            "integrity": "sha512-JlCMO+ehdEIKqlFxk6IfVoAUVmgz7cU7zD/h9XZ0qzeosSHmUJVOzSQvvYSYWXkFXC+IfLKSIffhv0sVZup6pA==",
            "dev": true,
            "optional": true,
            "peer": true
        },
        "node_modules/util-deprecate": {
            "version": "1.0.2",
            "resolved": "https://registry.npmjs.org/util-deprecate/-/util-deprecate-1.0.2.tgz",
            "integrity": "sha512-EPD5q1uXyFxJpCrLnCc1nHnq3gOa6DZBocAIiI2TaSCA7VCJ1UJDMagCzIkXNsUYfD1daK//LTEQ8xiIbrHtcw=="
        },
        "node_modules/utilx": {
            "version": "0.0.5",
            "resolved": "https://registry.npmjs.org/utilx/-/utilx-0.0.5.tgz",
            "integrity": "sha512-lsNsH9TmfMMOPzoqM/Sai5DU4PwWDfHHUjEhGqQ+SB+Zngn+x3+UICj08QhZfc59rlykcD0lAShtgrtoGANsMQ==",
            "dependencies": {
                "colorful": "2.1.0",
                "iconv-lite": "0.2.11"
            }
        },
        "node_modules/vite": {
            "version": "4.5.2",
            "resolved": "https://registry.npmjs.org/vite/-/vite-4.5.2.tgz",
            "integrity": "sha512-tBCZBNSBbHQkaGyhGCDUGqeo2ph8Fstyp6FMSvTtsXeZSPpSMGlviAOav2hxVTqFcx8Hj/twtWKsMJXNY0xI8w==",
            "dev": true,
            "dependencies": {
                "esbuild": "^0.18.10",
                "postcss": "^8.4.27",
                "rollup": "^3.27.1"
            },
            "bin": {
                "vite": "bin/vite.js"
            },
            "engines": {
                "node": "^14.18.0 || >=16.0.0"
            },
            "funding": {
                "url": "https://github.com/vitejs/vite?sponsor=1"
            },
            "optionalDependencies": {
                "fsevents": "~2.3.2"
            },
            "peerDependencies": {
                "@types/node": ">= 14",
                "less": "*",
                "lightningcss": "^1.21.0",
                "sass": "*",
                "stylus": "*",
                "sugarss": "*",
                "terser": "^5.4.0"
            },
            "peerDependenciesMeta": {
                "@types/node": {
                    "optional": true
                },
                "less": {
                    "optional": true
                },
                "lightningcss": {
                    "optional": true
                },
                "sass": {
                    "optional": true
                },
                "stylus": {
                    "optional": true
                },
                "sugarss": {
                    "optional": true
                },
                "terser": {
                    "optional": true
                }
            }
        },
        "node_modules/vite-plugin-full-reload": {
            "version": "1.1.0",
            "resolved": "https://registry.npmjs.org/vite-plugin-full-reload/-/vite-plugin-full-reload-1.1.0.tgz",
            "integrity": "sha512-3cObNDzX6DdfhD9E7kf6w2mNunFpD7drxyNgHLw+XwIYAgb+Xt16SEXo0Up4VH+TMf3n+DSVJZtW2POBGcBYAA==",
            "dev": true,
            "dependencies": {
                "picocolors": "^1.0.0",
                "picomatch": "^2.3.1"
            }
        },
        "node_modules/xmlbuilder": {
            "version": "0.4.3",
            "resolved": "https://registry.npmjs.org/xmlbuilder/-/xmlbuilder-0.4.3.tgz",
            "integrity": "sha512-t3QW+VdXvxcy214Wf5Mvb+38RPW6EUG1RpMjjtG+esbAFh+/50PdXz1iGywefNl70DW2ucNWTXBw5buTgzDWyw==",
            "engines": {
                "node": ">=0.2.0"
            }
        },
        "node_modules/xmldom": {
            "version": "0.1.31",
            "resolved": "https://registry.npmjs.org/xmldom/-/xmldom-0.1.31.tgz",
            "integrity": "sha512-yS2uJflVQs6n+CyjHoaBmVSqIDevTAWrzMmjG1Gc7h1qQ7uVozNhEPJAwZXWyGQ/Gafo3fCwrcaokezLPupVyQ==",
            "deprecated": "Deprecated due to CVE-2021-21366 resolved in 0.5.0",
            "engines": {
                "node": ">=0.1"
            }
        },
        "node_modules/xmlhttprequest": {
            "version": "1.4.2",
            "resolved": "https://registry.npmjs.org/xmlhttprequest/-/xmlhttprequest-1.4.2.tgz",
            "integrity": "sha512-WTsthd44hTdCRrHkdtTgbgTKIJyNDV+xiShdooFZBUstY7xk+EXMx/u5gjuUXaCiCWvtBVCHwauzml2joevB4w==",
            "engines": {
                "node": ">=0.4.0"
            }
        },
        "node_modules/zeparser": {
            "version": "0.0.5",
            "resolved": "https://registry.npmjs.org/zeparser/-/zeparser-0.0.5.tgz",
            "integrity": "sha512-Qj4lJIRPy7hIW1zCBqwA3AW8F9uHswVoXPnotuY6uyNgbg5qGb6SJfWZi+YzD3DktbUnUoGiGZFhopbn9l1GYw==",
            "engines": {
                "node": "*"
            }
        }
    }
}
